
Microsoft Visual Studio Solution File, Format Version 12.00
# Visual Studio Version 16
VisualStudioVersion = 16.0.30621.155
MinimumVisualStudioVersion = 10.0.40219.1
Project("{9A19103F-16F7-4668-BE54-9A1E7A4F7556}") = "StatusTracker", "StatusTracker.csproj", "{9CE01B6B-3516-4524-A4D8-5FA0F510AABD}"
EndProject
Global
	GlobalSection(SolutionConfigurationPlatforms) = preSolution
		Debug|Any CPU = Debug|Any CPU
		Release|Any CPU = Release|Any CPU
	EndGlobalSection
	GlobalSection(ProjectConfigurationPlatforms) = postSolution
		{9CE01B6B-3516-4524-A4D8-5FA0F510AABD}.Debug|Any CPU.ActiveCfg = Debug|Any CPU
		{9CE01B6B-3516-4524-A4D8-5FA0F510AABD}.Debug|Any CPU.Build.0 = Debug|Any CPU
		{9CE01B6B-3516-4524-A4D8-5FA0F510AABD}.Release|Any CPU.ActiveCfg = Release|Any CPU
		{9CE01B6B-3516-4524-A4D8-5FA0F510AABD}.Release|Any CPU.Build.0 = Release|Any CPU
	EndGlobalSection
	GlobalSection(SolutionProperties) = preSolution
		HideSolutionNode = FALSE
	EndGlobalSection
	GlobalSection(ExtensibilityGlobals) = postSolution
		SolutionGuid = {C404D789-43AF-4D2F-B335-8BB9FC375752}
	EndGlobalSection
EndGlobal
